
Microsoft Visual Studio Solution File, Format Version 12.00
# Visual Studio Version 17
VisualStudioVersion = 17.5.002.0
MinimumVisualStudioVersion = 10.0.40219.1
Project("{9A19103F-16F7-4668-BE54-9A1E7A4F7556}") = "Controlwork", "Controlwork.csproj", "{3B829911-448A-48A5-9FC7-A4EB21B6594A}"
EndProject
Global
	GlobalSection(SolutionConfigurationPlatforms) = preSolution
		Debug|Any CPU = Debug|Any CPU
		Release|Any CPU = Release|Any CPU
	EndGlobalSection
	GlobalSection(ProjectConfigurationPlatforms) = postSolution
		{3B829911-448A-48A5-9FC7-A4EB21B6594A}.Debug|Any CPU.ActiveCfg = Debug|Any CPU
		{3B829911-448A-48A5-9FC7-A4EB21B6594A}.Debug|Any CPU.Build.0 = Debug|Any CPU
		{3B829911-448A-48A5-9FC7-A4EB21B6594A}.Release|Any CPU.ActiveCfg = Release|Any CPU
		{3B829911-448A-48A5-9FC7-A4EB21B6594A}.Release|Any CPU.Build.0 = Release|Any CPU
	EndGlobalSection
	GlobalSection(SolutionProperties) = preSolution
		HideSolutionNode = FALSE
	EndGlobalSection
	GlobalSection(ExtensibilityGlobals) = postSolution
		SolutionGuid = {2886074B-8A8E-484A-A412-297D3319BA58}
	EndGlobalSection
EndGlobal
